<?xml version="1.0" encoding="utf-8"?>
<Project ToolsVersion="4.0" xmlns="http://schemas.microsoft.com/developer/msbuild/2003">
  <ItemGroup>
    <ClCompile Include="scdtool.cpp" />
    <ClCompile Include="pch.cpp" />
    <ClCompile Include="commands\apply.cpp" />
    <ClCompile Include="commands\extract.cpp" />
    <ClCompile Include="commands\match.cpp" />
    <ClCompile Include="commands\match_disc.cpp" />
    <ClCompile Include="commands\toscd.cpp" />
    <ClCompile Include="utils\argactions.cpp" />
    <ClCompile Include="utils\audio_match.cpp" />
    <ClCompile Include="utils\describe_path.cpp" />
    <ClCompile Include="utils\mpls.cpp" />
    <ClCompile Include="utils\win32_process.cpp" />
  </ItemGroup>
  <ItemGroup>
    <ClInclude Include="pch.h" />
    <ClInclude Include="commands\apply.h" />
    <ClInclude Include="commands\extract.h" />
    <ClInclude Include="commands\match.h" />
    <ClInclude Include="commands\match_disc.h" />
    <ClInclude Include="commands\toscd.h" />
    <ClInclude Include="utils\argactions.h" />
    <ClInclude Include="utils\audio_match.h" />
    <ClInclude Include="utils\describe_path.h" />
    <ClInclude Include="utils\misc.h" />
    <ClInclude Include="utils\mpls.h" />
    <ClInclude Include="utils\win32_process.h" />
  </ItemGroup>
  <ItemGroup>
    <None Include="vcpkg.json" />
  </ItemGroup>
</Project>
